
Microsoft Visual Studio Solution File, Format Version 12.00
# Visual Studio 15
Project("{FAE04EC0-301F-11D3-BF4B-00C04F79EFBC}") = "Assembly-CSharp", "Assembly-CSharp.csproj", "{B965BFD9-DBCC-C806-7E40-D662AF9B141C}"
EndProject
Global
	GlobalSection(SolutionConfigurationPlatforms) = preSolution
		Debug|Any CPU = Debug|Any CPU
		Release|Any CPU = Release|Any CPU
	EndGlobalSection
	GlobalSection(ProjectConfigurationPlatforms) = postSolution
		{B965BFD9-DBCC-C806-7E40-D662AF9B141C}.Debug|Any CPU.ActiveCfg = Debug|Any CPU
		{B965BFD9-DBCC-C806-7E40-D662AF9B141C}.Debug|Any CPU.Build.0 = Debug|Any CPU
		{B965BFD9-DBCC-C806-7E40-D662AF9B141C}.Release|Any CPU.ActiveCfg = Release|Any CPU
		{B965BFD9-DBCC-C806-7E40-D662AF9B141C}.Release|Any CPU.Build.0 = Release|Any CPU
	EndGlobalSection
	GlobalSection(SolutionProperties) = preSolution
		HideSolutionNode = FALSE
	EndGlobalSection
EndGlobal
